
Microsoft Visual Studio Solution File, Format Version 12.00
# Visual Studio Version 17
VisualStudioVersion = 17.2.32505.173
MinimumVisualStudioVersion = 10.0.40219.1
Project("{9A19103F-16F7-4668-BE54-9A1E7A4F7556}") = "LMS.BL.Interface", "LMS.BL.Interface\LMS.BL.Interface.csproj", "{3C3D802C-8DA8-4EE8-8E1D-D15695670C9A}"
EndProject
Project("{9A19103F-16F7-4668-BE54-9A1E7A4F7556}") = "LMS.Bl.file", "LMS.Bl.file\LMS.Bl.file.csproj", "{965755C6-9E24-4138-8D49-4C5FFA394B25}"
EndProject
Project("{9A19103F-16F7-4668-BE54-9A1E7A4F7556}") = "LMS.Bl", "LMS.Bl\LMS.Bl.csproj", "{C949A375-D35B-464D-AB3D-F09456E9F76B}"
EndProject
Project("{9A19103F-16F7-4668-BE54-9A1E7A4F7556}") = "LMS.From", "LMS.From\LMS.From.csproj", "{3424E9DC-D64C-4337-BCC1-9396AACCA104}"
EndProject
Project("{FAE04EC0-301F-11D3-BF4B-00C04F79EFBC}") = "LMS.Sql", "LMS.Bl.Sql\LMS.Sql.csproj", "{E5A0F2B2-B337-4760-A0E9-4312525E1FB9}"
EndProject
Global
	GlobalSection(SolutionConfigurationPlatforms) = preSolution
		Debug|Any CPU = Debug|Any CPU
		Release|Any CPU = Release|Any CPU
	EndGlobalSection
	GlobalSection(ProjectConfigurationPlatforms) = postSolution
		{3C3D802C-8DA8-4EE8-8E1D-D15695670C9A}.Debug|Any CPU.ActiveCfg = Debug|Any CPU
		{3C3D802C-8DA8-4EE8-8E1D-D15695670C9A}.Debug|Any CPU.Build.0 = Debug|Any CPU
		{3C3D802C-8DA8-4EE8-8E1D-D15695670C9A}.Release|Any CPU.ActiveCfg = Release|Any CPU
		{3C3D802C-8DA8-4EE8-8E1D-D15695670C9A}.Release|Any CPU.Build.0 = Release|Any CPU
		{965755C6-9E24-4138-8D49-4C5FFA394B25}.Debug|Any CPU.ActiveCfg = Debug|Any CPU
		{965755C6-9E24-4138-8D49-4C5FFA394B25}.Debug|Any CPU.Build.0 = Debug|Any CPU
		{965755C6-9E24-4138-8D49-4C5FFA394B25}.Release|Any CPU.ActiveCfg = Release|Any CPU
		{965755C6-9E24-4138-8D49-4C5FFA394B25}.Release|Any CPU.Build.0 = Release|Any CPU
		{C949A375-D35B-464D-AB3D-F09456E9F76B}.Debug|Any CPU.ActiveCfg = Debug|Any CPU
		{C949A375-D35B-464D-AB3D-F09456E9F76B}.Debug|Any CPU.Build.0 = Debug|Any CPU
		{C949A375-D35B-464D-AB3D-F09456E9F76B}.Release|Any CPU.ActiveCfg = Release|Any CPU
		{C949A375-D35B-464D-AB3D-F09456E9F76B}.Release|Any CPU.Build.0 = Release|Any CPU
		{3424E9DC-D64C-4337-BCC1-9396AACCA104}.Debug|Any CPU.ActiveCfg = Debug|Any CPU
		{3424E9DC-D64C-4337-BCC1-9396AACCA104}.Debug|Any CPU.Build.0 = Debug|Any CPU
		{3424E9DC-D64C-4337-BCC1-9396AACCA104}.Release|Any CPU.ActiveCfg = Release|Any CPU
		{3424E9DC-D64C-4337-BCC1-9396AACCA104}.Release|Any CPU.Build.0 = Release|Any CPU
		{E5A0F2B2-B337-4760-A0E9-4312525E1FB9}.Debug|Any CPU.ActiveCfg = Debug|Any CPU
		{E5A0F2B2-B337-4760-A0E9-4312525E1FB9}.Debug|Any CPU.Build.0 = Debug|Any CPU
		{E5A0F2B2-B337-4760-A0E9-4312525E1FB9}.Release|Any CPU.ActiveCfg = Release|Any CPU
		{E5A0F2B2-B337-4760-A0E9-4312525E1FB9}.Release|Any CPU.Build.0 = Release|Any CPU
	EndGlobalSection
	GlobalSection(SolutionProperties) = preSolution
		HideSolutionNode = FALSE
	EndGlobalSection
	GlobalSection(ExtensibilityGlobals) = postSolution
		SolutionGuid = {F0A85521-B333-4848-9708-05C5E2E357FA}
	EndGlobalSection
EndGlobal
