
Microsoft Visual Studio Solution File, Format Version 12.00
# Visual Studio Version 17
VisualStudioVersion = 17.2.32505.173
MinimumVisualStudioVersion = 10.0.40219.1
Project("{9A19103F-16F7-4668-BE54-9A1E7A4F7556}") = "LMS.Bl.Sql", "LMS.Bl.Sql\LMS.Bl.Sql.csproj", "{0E4C518D-059F-4C50-89F8-197CBE1850A2}"
EndProject
Project("{FAE04EC0-301F-11D3-BF4B-00C04F79EFBC}") = "LMS.Bl", "LMS.Bl\LMS.Bl.csproj", "{7E5E8211-06AF-4737-AE28-510433F66CB8}"
EndProject
Project("{FAE04EC0-301F-11D3-BF4B-00C04F79EFBC}") = "LMS.Interface", "LMS.Interface\LMS.Interface.csproj", "{6E266769-6B46-4C90-9EF6-1A6C14E9917B}"
EndProject
Project("{FAE04EC0-301F-11D3-BF4B-00C04F79EFBC}") = "LMS.Bl.File", "LMS.Bl.File\LMS.Bl.File.csproj", "{7CD17A41-F48A-49A2-88F2-7C0F51F1C696}"
EndProject
Project("{FAE04EC0-301F-11D3-BF4B-00C04F79EFBC}") = "LMS.Form", "LMS.Form\LMS.Form.csproj", "{02A2E2A3-A8A9-4A99-9F92-6EA1768D7136}"
EndProject
Global
	GlobalSection(SolutionConfigurationPlatforms) = preSolution
		Debug|Any CPU = Debug|Any CPU
		Release|Any CPU = Release|Any CPU
	EndGlobalSection
	GlobalSection(ProjectConfigurationPlatforms) = postSolution
		{0E4C518D-059F-4C50-89F8-197CBE1850A2}.Debug|Any CPU.ActiveCfg = Debug|Any CPU
		{0E4C518D-059F-4C50-89F8-197CBE1850A2}.Debug|Any CPU.Build.0 = Debug|Any CPU
		{0E4C518D-059F-4C50-89F8-197CBE1850A2}.Release|Any CPU.ActiveCfg = Release|Any CPU
		{0E4C518D-059F-4C50-89F8-197CBE1850A2}.Release|Any CPU.Build.0 = Release|Any CPU
		{7E5E8211-06AF-4737-AE28-510433F66CB8}.Debug|Any CPU.ActiveCfg = Debug|Any CPU
		{7E5E8211-06AF-4737-AE28-510433F66CB8}.Debug|Any CPU.Build.0 = Debug|Any CPU
		{7E5E8211-06AF-4737-AE28-510433F66CB8}.Release|Any CPU.ActiveCfg = Release|Any CPU
		{7E5E8211-06AF-4737-AE28-510433F66CB8}.Release|Any CPU.Build.0 = Release|Any CPU
		{6E266769-6B46-4C90-9EF6-1A6C14E9917B}.Debug|Any CPU.ActiveCfg = Debug|Any CPU
		{6E266769-6B46-4C90-9EF6-1A6C14E9917B}.Debug|Any CPU.Build.0 = Debug|Any CPU
		{6E266769-6B46-4C90-9EF6-1A6C14E9917B}.Release|Any CPU.ActiveCfg = Release|Any CPU
		{6E266769-6B46-4C90-9EF6-1A6C14E9917B}.Release|Any CPU.Build.0 = Release|Any CPU
		{7CD17A41-F48A-49A2-88F2-7C0F51F1C696}.Debug|Any CPU.ActiveCfg = Debug|Any CPU
		{7CD17A41-F48A-49A2-88F2-7C0F51F1C696}.Debug|Any CPU.Build.0 = Debug|Any CPU
		{7CD17A41-F48A-49A2-88F2-7C0F51F1C696}.Release|Any CPU.ActiveCfg = Release|Any CPU
		{7CD17A41-F48A-49A2-88F2-7C0F51F1C696}.Release|Any CPU.Build.0 = Release|Any CPU
		{02A2E2A3-A8A9-4A99-9F92-6EA1768D7136}.Debug|Any CPU.ActiveCfg = Debug|Any CPU
		{02A2E2A3-A8A9-4A99-9F92-6EA1768D7136}.Debug|Any CPU.Build.0 = Debug|Any CPU
		{02A2E2A3-A8A9-4A99-9F92-6EA1768D7136}.Release|Any CPU.ActiveCfg = Release|Any CPU
		{02A2E2A3-A8A9-4A99-9F92-6EA1768D7136}.Release|Any CPU.Build.0 = Release|Any CPU
	EndGlobalSection
	GlobalSection(SolutionProperties) = preSolution
		HideSolutionNode = FALSE
	EndGlobalSection
	GlobalSection(ExtensibilityGlobals) = postSolution
		SolutionGuid = {F0A85521-B333-4848-9708-05C5E2E357FA}
	EndGlobalSection
EndGlobal
